
Microsoft Visual Studio Solution File, Format Version 12.00
# Visual Studio Version 17
VisualStudioVersion = 17.14.36127.28 d17.14
MinimumVisualStudioVersion = 10.0.40219.1
Project("{FAE04EC0-301F-11D3-BF4B-00C04F79EFBC}") = "TaskOfJune3", "TaskOfJune3\TaskOfJune3.csproj", "{460B6A5A-6C14-48DE-AB5E-80395E5AA2A7}"
EndProject
Global
	GlobalSection(SolutionConfigurationPlatforms) = preSolution
		Debug|Any CPU = Debug|Any CPU
		Release|Any CPU = Release|Any CPU
	EndGlobalSection
	GlobalSection(ProjectConfigurationPlatforms) = postSolution
		{460B6A5A-6C14-48DE-AB5E-80395E5AA2A7}.Debug|Any CPU.ActiveCfg = Debug|Any CPU
		{460B6A5A-6C14-48DE-AB5E-80395E5AA2A7}.Debug|Any CPU.Build.0 = Debug|Any CPU
		{460B6A5A-6C14-48DE-AB5E-80395E5AA2A7}.Release|Any CPU.ActiveCfg = Release|Any CPU
		{460B6A5A-6C14-48DE-AB5E-80395E5AA2A7}.Release|Any CPU.Build.0 = Release|Any CPU
	EndGlobalSection
	GlobalSection(SolutionProperties) = preSolution
		HideSolutionNode = FALSE
	EndGlobalSection
	GlobalSection(ExtensibilityGlobals) = postSolution
		SolutionGuid = {B3FFADCF-A9A7-42F4-9793-CCF057CABCD3}
	EndGlobalSection
EndGlobal
